
Microsoft Visual Studio Solution File, Format Version 12.00
# Visual Studio Version 17
VisualStudioVersion = 17.2.32505.173
MinimumVisualStudioVersion = 10.0.40219.1
Project("{2150E333-8FDC-42A3-9474-1A3956D46DE8}") = "Solution Items", "Solution Items", "{28D0F246-6D2F-45F4-AE16-CFB48C63A1C6}"
	ProjectSection(SolutionItems) = preProject
		Images\IMG_2260.jpeg = Images\IMG_2260.jpeg
		index.html = index.html
	EndProjectSection
EndProject
Project("{2150E333-8FDC-42A3-9474-1A3956D46DE8}") = "Images", "Images", "{95820299-48A1-4348-83A0-D3466FCE522D}"
	ProjectSection(SolutionItems) = preProject
		Images\F8846048-F5C5-4D18-BB2E-3F400924ED69.jpeg = Images\F8846048-F5C5-4D18-BB2E-3F400924ED69.jpeg
		Images\IMG_2260.jpeg = Images\IMG_2260.jpeg
		Images\IMG_2908.jpeg = Images\IMG_2908.jpeg
		Images\IMG_3019.jpeg = Images\IMG_3019.jpeg
		Images\IMG_3281.jpeg = Images\IMG_3281.jpeg
		Images\IMG_3333.jpeg = Images\IMG_3333.jpeg
	EndProjectSection
EndProject
Global
	GlobalSection(SolutionProperties) = preSolution
		HideSolutionNode = FALSE
	EndGlobalSection
	GlobalSection(NestedProjects) = preSolution
		{95820299-48A1-4348-83A0-D3466FCE522D} = {28D0F246-6D2F-45F4-AE16-CFB48C63A1C6}
	EndGlobalSection
	GlobalSection(ExtensibilityGlobals) = postSolution
		SolutionGuid = {FF97D9A7-3865-431D-AAFB-A7EE19B426C3}
	EndGlobalSection
EndGlobal
